
Microsoft Visual Studio Solution File, Format Version 12.00
# Visual Studio Version 17
VisualStudioVersion = 17.5.002.0
MinimumVisualStudioVersion = 10.0.40219.1
Project("{9A19103F-16F7-4668-BE54-9A1E7A4F7556}") = "cubi12-api-gateway", "cubi12-api-gateway.csproj", "{D96A75C5-6F84-4C94-9750-D733C5C80E98}"
EndProject
Global
	GlobalSection(SolutionConfigurationPlatforms) = preSolution
		Debug|Any CPU = Debug|Any CPU
		Release|Any CPU = Release|Any CPU
	EndGlobalSection
	GlobalSection(ProjectConfigurationPlatforms) = postSolution
		{D96A75C5-6F84-4C94-9750-D733C5C80E98}.Debug|Any CPU.ActiveCfg = Debug|Any CPU
		{D96A75C5-6F84-4C94-9750-D733C5C80E98}.Debug|Any CPU.Build.0 = Debug|Any CPU
		{D96A75C5-6F84-4C94-9750-D733C5C80E98}.Release|Any CPU.ActiveCfg = Release|Any CPU
		{D96A75C5-6F84-4C94-9750-D733C5C80E98}.Release|Any CPU.Build.0 = Release|Any CPU
	EndGlobalSection
	GlobalSection(SolutionProperties) = preSolution
		HideSolutionNode = FALSE
	EndGlobalSection
	GlobalSection(ExtensibilityGlobals) = postSolution
		SolutionGuid = {88B2A897-35D3-48F2-ABBC-249779F7C2F7}
	EndGlobalSection
EndGlobal
